
Microsoft Visual Studio Solution File, Format Version 12.00
# Visual Studio 15
Project("{FAE04EC0-301F-11D3-BF4B-00C04F79EFBC}") = "MyPackTool", "MyPackTool\MyPackTool.csproj", "{CD2903FF-2C0B-4084-8DEA-EC468C66DA2B}"
EndProject
Global
	GlobalSection(SolutionConfigurationPlatforms) = preSolution
		Debug|x86 = Debug|x86
		Release|x86 = Release|x86
	EndGlobalSection
	GlobalSection(ProjectConfigurationPlatforms) = postSolution
		{CD2903FF-2C0B-4084-8DEA-EC468C66DA2B}.Debug|x86.ActiveCfg = Debug|x86
		{CD2903FF-2C0B-4084-8DEA-EC468C66DA2B}.Debug|x86.Build.0 = Debug|x86
		{CD2903FF-2C0B-4084-8DEA-EC468C66DA2B}.Release|x86.ActiveCfg = Release|x86
		{CD2903FF-2C0B-4084-8DEA-EC468C66DA2B}.Release|x86.Build.0 = Release|x86
	EndGlobalSection
EndGlobal
